
Microsoft Visual Studio Solution File, Format Version 12.00
# Visual Studio 15
VisualStudioVersion = 15.0.28307.1231
MinimumVisualStudioVersion = 10.0.40219.1
Project("{FAE04EC0-301F-11D3-BF4B-00C04F79EFBC}") = "Crusader Adventures", "Treetown\Crusader Adventures.csproj", "{8F55217F-EB43-4F0C-A9A9-F1D0F227663A}"
EndProject
Global
	GlobalSection(SolutionConfigurationPlatforms) = preSolution
		Debug|x86 = Debug|x86
		Release|x86 = Release|x86
	EndGlobalSection
	GlobalSection(ProjectConfigurationPlatforms) = postSolution
		{8F55217F-EB43-4F0C-A9A9-F1D0F227663A}.Debug|x86.ActiveCfg = Debug|x86
		{8F55217F-EB43-4F0C-A9A9-F1D0F227663A}.Debug|x86.Build.0 = Debug|x86
		{8F55217F-EB43-4F0C-A9A9-F1D0F227663A}.Release|x86.ActiveCfg = Release|x86
		{8F55217F-EB43-4F0C-A9A9-F1D0F227663A}.Release|x86.Build.0 = Release|x86
	EndGlobalSection
	GlobalSection(SolutionProperties) = preSolution
		HideSolutionNode = FALSE
	EndGlobalSection
	GlobalSection(ExtensibilityGlobals) = postSolution
		SolutionGuid = {4CBA2BB0-5ABC-430F-A414-5C2A468570E1}
	EndGlobalSection
EndGlobal
